
Microsoft Visual Studio Solution File, Format Version 12.00
# Visual Studio Version 17
VisualStudioVersion = 17.9.34714.143
MinimumVisualStudioVersion = 10.0.40219.1
Project("{FAE04EC0-301F-11D3-BF4B-00C04F79EFBC}") = "Truefit_CashRegister", "Truefit_CashRegister\Truefit_CashRegister.csproj", "{CE778D7F-58C0-4574-A22D-0CF05A2E031B}"
EndProject
Global
	GlobalSection(SolutionConfigurationPlatforms) = preSolution
		Debug|Any CPU = Debug|Any CPU
		Release|Any CPU = Release|Any CPU
	EndGlobalSection
	GlobalSection(ProjectConfigurationPlatforms) = postSolution
		{CE778D7F-58C0-4574-A22D-0CF05A2E031B}.Debug|Any CPU.ActiveCfg = Debug|Any CPU
		{CE778D7F-58C0-4574-A22D-0CF05A2E031B}.Debug|Any CPU.Build.0 = Debug|Any CPU
		{CE778D7F-58C0-4574-A22D-0CF05A2E031B}.Release|Any CPU.ActiveCfg = Release|Any CPU
		{CE778D7F-58C0-4574-A22D-0CF05A2E031B}.Release|Any CPU.Build.0 = Release|Any CPU
	EndGlobalSection
	GlobalSection(SolutionProperties) = preSolution
		HideSolutionNode = FALSE
	EndGlobalSection
	GlobalSection(ExtensibilityGlobals) = postSolution
		SolutionGuid = {A4AA8DD0-CF8D-4B96-AEC4-534E7AB8E9F8}
	EndGlobalSection
EndGlobal
